<?xml version="1.0" encoding="utf-8"?>
<Project ToolsVersion="4.0" xmlns="http://schemas.microsoft.com/developer/msbuild/2003">
  <ItemGroup>
    <Filter Include="리소스 파일">
      <UniqueIdentifier>{67DA6AB6-F800-4c08-8B7A-83BB121AAD01}</UniqueIdentifier>
      <Extensions>rc;ico;cur;bmp;dlg;rc2;rct;bin;rgs;gif;jpg;jpeg;jpe;resx;tiff;tif;png;wav;mfcribbon-ms</Extensions>
    </Filter>
    <Filter Include="ETC">
      <UniqueIdentifier>{8e2f6aa2-a64b-4c88-ad7a-e9f048a35269}</UniqueIdentifier>
    </Filter>
    <Filter Include="00.Global">
      <UniqueIdentifier>{8265fc06-28d0-4a10-b0ec-a6812544736e}</UniqueIdentifier>
    </Filter>
    <Filter Include="01.Level">
      <UniqueIdentifier>{a8de6072-8561-47d3-8e62-d054fbeb2174}</UniqueIdentifier>
    </Filter>
    <Filter Include="01.Level\OBJ">
      <UniqueIdentifier>{541d89d3-238a-462e-8217-5f270854e5d8}</UniqueIdentifier>
    </Filter>
    <Filter Include="01.Level\OBJ\NPC">
      <UniqueIdentifier>{a9e6ef07-803d-4393-b8bc-4bf83df6d05f}</UniqueIdentifier>
    </Filter>
    <Filter Include="02.Skills">
      <UniqueIdentifier>{cb0447b0-6bcf-4994-8e68-97a7894c3193}</UniqueIdentifier>
    </Filter>
    <Filter Include="02.Skills\Player">
      <UniqueIdentifier>{8859f44b-c877-4d38-ba1b-e02d67aa02a6}</UniqueIdentifier>
    </Filter>
    <Filter Include="03.UI">
      <UniqueIdentifier>{c962f389-77ab-43c6-bc6a-a2718a04e66b}</UniqueIdentifier>
    </Filter>
    <Filter Include="01.Level\OBJ\Spawner">
      <UniqueIdentifier>{f75e8860-02c2-4e60-b6cc-2f4da925b6e6}</UniqueIdentifier>
    </Filter>
    <Filter Include="01.Level\OBJ\01.Player">
      <UniqueIdentifier>{a722b784-6212-4e24-a3e0-2ce321dd1fc8}</UniqueIdentifier>
    </Filter>
    <Filter Include="02.Skills\Monster">
      <UniqueIdentifier>{08cd0309-02c5-4506-b7cd-4476a93f40f3}</UniqueIdentifier>
    </Filter>
    <Filter Include="02.Skills\Monster\Knight">
      <UniqueIdentifier>{14e87151-5228-4361-af67-f8f57173c228}</UniqueIdentifier>
    </Filter>
    <Filter Include="01.Level\OBJ\02.Monster">
      <UniqueIdentifier>{e7968141-0845-415b-8e9e-cb0386becb29}</UniqueIdentifier>
    </Filter>
    <Filter Include="01.Level\OBJ\00.PlayActor">
      <UniqueIdentifier>{7ca2b6ec-111a-4ca5-8532-beb453996ac8}</UniqueIdentifier>
    </Filter>
    <Filter Include="01.Level\OBJ\03.Item">
      <UniqueIdentifier>{015750a9-3adb-45d6-866d-48063242afb0}</UniqueIdentifier>
    </Filter>
  </ItemGroup>
  <ItemGroup>
    <ClCompile Include="EndingLevel.cpp">
      <Filter>01.Level</Filter>
    </ClCompile>
    <ClCompile Include="PlayLevel.cpp">
      <Filter>01.Level</Filter>
    </ClCompile>
    <ClCompile Include="TitleLevel.cpp">
      <Filter>01.Level</Filter>
    </ClCompile>
    <ClCompile Include="BackGround.cpp">
      <Filter>00.Global</Filter>
    </ClCompile>
    <ClCompile Include="Bullet.cpp" />
    <ClCompile Include="BossLevel.cpp">
      <Filter>01.Level</Filter>
    </ClCompile>
    <ClCompile Include="Skill.cpp">
      <Filter>02.Skills</Filter>
    </ClCompile>
    <ClCompile Include="NPC_ITEMSHOP.cpp">
      <Filter>01.Level\OBJ\NPC</Filter>
    </ClCompile>
    <ClCompile Include="PlayUIManager.cpp">
      <Filter>03.UI</Filter>
    </ClCompile>
    <ClCompile Include="SKILL_PlayerNormalAttack.cpp">
      <Filter>02.Skills\Player</Filter>
    </ClCompile>
    <ClCompile Include="SKILL_PlayerWindBoomerang.cpp">
      <Filter>02.Skills\Player</Filter>
    </ClCompile>
    <ClCompile Include="UI_Button.cpp">
      <Filter>03.UI</Filter>
    </ClCompile>
    <ClCompile Include="Effect_Spawn.cpp">
      <Filter>01.Level\OBJ\Spawner</Filter>
    </ClCompile>
    <ClCompile Include="BossSpawner.cpp">
      <Filter>01.Level\OBJ\Spawner</Filter>
    </ClCompile>
    <ClCompile Include="GlobalValue.cpp">
      <Filter>00.Global</Filter>
    </ClCompile>
    <ClCompile Include="Player.cpp">
      <Filter>01.Level\OBJ\01.Player</Filter>
    </ClCompile>
    <ClCompile Include="Player_State.cpp">
      <Filter>01.Level\OBJ\01.Player</Filter>
    </ClCompile>
    <ClCompile Include="Monster.cpp">
      <Filter>01.Level\OBJ\02.Monster</Filter>
    </ClCompile>
    <ClCompile Include="Monster_Swordman.cpp">
      <Filter>01.Level\OBJ\02.Monster</Filter>
    </ClCompile>
    <ClCompile Include="SKILL_KnightAttack.cpp">
      <Filter>02.Skills\Monster\Knight</Filter>
    </ClCompile>
    <ClCompile Include="PlayActor.cpp">
      <Filter>01.Level\OBJ\00.PlayActor</Filter>
    </ClCompile>
    <ClCompile Include="ContentCore.cpp">
      <Filter>ETC</Filter>
    </ClCompile>
    <ClCompile Include="SKILL_EarthenAegis.cpp">
      <Filter>02.Skills\Player</Filter>
    </ClCompile>
    <ClCompile Include="Item.cpp">
      <Filter>01.Level\OBJ\03.Item</Filter>
    </ClCompile>
    <ClCompile Include="UI_KeyboardF.cpp">
      <Filter>03.UI</Filter>
    </ClCompile>
    <ClCompile Include="ITEM_AmuletofSundering.cpp">
      <Filter>01.Level\OBJ\03.Item</Filter>
    </ClCompile>
    <ClCompile Include="ITEM_GiantsHeart.cpp">
      <Filter>01.Level\OBJ\03.Item</Filter>
    </ClCompile>
    <ClCompile Include="ITEM_AnalyticalMonocle.cpp">
      <Filter>01.Level\OBJ\03.Item</Filter>
    </ClCompile>
    <ClCompile Include="ITEM_DaggerofMidas.cpp">
      <Filter>01.Level\OBJ\03.Item</Filter>
    </ClCompile>
    <ClCompile Include="ITEM_VampiresEyeglasses.cpp">
      <Filter>01.Level\OBJ\03.Item</Filter>
    </ClCompile>
    <ClCompile Include="ITEM_Potion.cpp" />
  </ItemGroup>
  <ItemGroup>
    <ClInclude Include="EndingLevel.h">
      <Filter>01.Level</Filter>
    </ClInclude>
    <ClInclude Include="PlayLevel.h">
      <Filter>01.Level</Filter>
    </ClInclude>
    <ClInclude Include="TitleLevel.h">
      <Filter>01.Level</Filter>
    </ClInclude>
    <ClInclude Include="BackGround.h">
      <Filter>00.Global</Filter>
    </ClInclude>
    <ClInclude Include="ContentsEnum.h">
      <Filter>00.Global</Filter>
    </ClInclude>
    <ClInclude Include="Bullet.h" />
    <ClInclude Include="BossLevel.h">
      <Filter>01.Level</Filter>
    </ClInclude>
    <ClInclude Include="Skill.h">
      <Filter>02.Skills</Filter>
    </ClInclude>
    <ClInclude Include="NPC_ITEMSHOP.h">
      <Filter>01.Level\OBJ\NPC</Filter>
    </ClInclude>
    <ClInclude Include="PlayUIManager.h">
      <Filter>03.UI</Filter>
    </ClInclude>
    <ClInclude Include="SKILL_PlayerNormalAttack.h">
      <Filter>02.Skills\Player</Filter>
    </ClInclude>
    <ClInclude Include="SKILL_PlayerWindBoomerang.h">
      <Filter>02.Skills\Player</Filter>
    </ClInclude>
    <ClInclude Include="UI_Button.h">
      <Filter>03.UI</Filter>
    </ClInclude>
    <ClInclude Include="Effect_Spawn.h">
      <Filter>01.Level\OBJ\Spawner</Filter>
    </ClInclude>
    <ClInclude Include="BossSpawner.h">
      <Filter>01.Level\OBJ\Spawner</Filter>
    </ClInclude>
    <ClInclude Include="GlobalValue.h">
      <Filter>00.Global</Filter>
    </ClInclude>
    <ClInclude Include="Player.h">
      <Filter>01.Level\OBJ\01.Player</Filter>
    </ClInclude>
    <ClInclude Include="Monster.h">
      <Filter>01.Level\OBJ\02.Monster</Filter>
    </ClInclude>
    <ClInclude Include="Monster_Swordman.h">
      <Filter>01.Level\OBJ\02.Monster</Filter>
    </ClInclude>
    <ClInclude Include="SKILL_KnightAttack.h">
      <Filter>02.Skills\Monster\Knight</Filter>
    </ClInclude>
    <ClInclude Include="PlayActor.h">
      <Filter>01.Level\OBJ\00.PlayActor</Filter>
    </ClInclude>
    <ClInclude Include="ContentCore.h">
      <Filter>ETC</Filter>
    </ClInclude>
    <ClInclude Include="SKILL_EarthenAegis.h">
      <Filter>02.Skills\Player</Filter>
    </ClInclude>
    <ClInclude Include="Item.h">
      <Filter>01.Level\OBJ\03.Item</Filter>
    </ClInclude>
    <ClInclude Include="UI_KeyboardF.h">
      <Filter>03.UI</Filter>
    </ClInclude>
    <ClInclude Include="ITEM_AmuletofSundering.h">
      <Filter>01.Level\OBJ\03.Item</Filter>
    </ClInclude>
    <ClInclude Include="ITEM_GiantsHeart.h">
      <Filter>01.Level\OBJ\03.Item</Filter>
    </ClInclude>
    <ClInclude Include="ITEM_AnalyticalMonocle.h">
      <Filter>01.Level\OBJ\03.Item</Filter>
    </ClInclude>
    <ClInclude Include="ITEM_DaggerofMidas.h">
      <Filter>01.Level\OBJ\03.Item</Filter>
    </ClInclude>
    <ClInclude Include="ITEM_VampiresEyeglasses.h">
      <Filter>01.Level\OBJ\03.Item</Filter>
    </ClInclude>
    <ClInclude Include="ITEM_Potion.h" />
  </ItemGroup>
</Project>